
Microsoft Visual Studio Solution File, Format Version 12.00
# Visual Studio Version 16
VisualStudioVersion = 16.0.30011.22
MinimumVisualStudioVersion = 10.0.40219.1
Project("{9A19103F-16F7-4668-BE54-9A1E7A4F7556}") = "Data Types", "Data Types\Data Types.csproj", "{489EC6A1-F8D1-484A-B94D-CF3682C419DD}"
EndProject
Project("{2150E333-8FDC-42A3-9474-1A3956D46DE8}") = "Basics", "Basics", "{09D73EB2-C9DD-4FBA-B2D2-EECA8266793E}"
EndProject
Project("{9A19103F-16F7-4668-BE54-9A1E7A4F7556}") = "Type Conversions", "Type Conversions\Type Conversions.csproj", "{4C6032DD-AE6C-452F-833B-F8CACC54F8A1}"
EndProject
Project("{2150E333-8FDC-42A3-9474-1A3956D46DE8}") = "Object Oriented", "Object Oriented", "{8E4621DE-9830-4CDC-9389-632736D21049}"
EndProject
Project("{FAE04EC0-301F-11D3-BF4B-00C04F79EFBC}") = "Access Specifiers", "Access Specifiers\Access Specifiers.csproj", "{492C96CE-0BE2-4F67-BB0D-925DE2BCDC73}"
EndProject
Project("{9A19103F-16F7-4668-BE54-9A1E7A4F7556}") = "Array and List", "Array\Array and List.csproj", "{9AA3CBE9-7F24-4D17-AA68-A5D3B1AE0326}"
EndProject
Project("{9A19103F-16F7-4668-BE54-9A1E7A4F7556}") = "String", "String\String.csproj", "{C573F923-359D-48A1-A318-A518F47E9DEE}"
EndProject
Project("{9A19103F-16F7-4668-BE54-9A1E7A4F7556}") = "Runtime Polymorphism", "Runtime Polymorphism\Runtime Polymorphism.csproj", "{E8F4AA38-E969-46EE-9F91-B9BE4AD9C0D0}"
EndProject
Project("{FAE04EC0-301F-11D3-BF4B-00C04F79EFBC}") = "Pass Value and Reference", "Pass Value and Reference\Pass Value and Reference.csproj", "{90D84B56-8D3A-43A3-92C0-7EFF1B250053}"
EndProject
Project("{FAE04EC0-301F-11D3-BF4B-00C04F79EFBC}") = "Exception Handeling", "Exception Handeling\Exception Handeling.csproj", "{4FC39111-D637-4ABA-95C8-D9AAC50B5FFF}"
EndProject
Project("{FAE04EC0-301F-11D3-BF4B-00C04F79EFBC}") = "Properties", "Properties\Properties.csproj", "{59E5BA67-C947-4276-A78B-85676B644161}"
EndProject
Project("{FAE04EC0-301F-11D3-BF4B-00C04F79EFBC}") = "Keywords", "Keywords\Keywords.csproj", "{91C43BD5-849E-4C3C-9EE6-75A982BD0A0B}"
EndProject
Project("{2150E333-8FDC-42A3-9474-1A3956D46DE8}") = "Advance", "Advance", "{16AA7929-7F89-4B71-B28C-23A2736276F8}"
EndProject
Project("{FAE04EC0-301F-11D3-BF4B-00C04F79EFBC}") = "Generics", "Generics\Generics.csproj", "{F22D1424-9503-46FB-AD83-3E1FB8600E93}"
EndProject
Project("{FAE04EC0-301F-11D3-BF4B-00C04F79EFBC}") = "Collections", "Collections\Collections.csproj", "{99A05FF8-92FC-48B1-8770-6D28D4161567}"
EndProject
Project("{FAE04EC0-301F-11D3-BF4B-00C04F79EFBC}") = "IEnumerable Class", "IEnumerable Class\IEnumerable Class.csproj", "{E6F20AF4-62F1-4D00-AFCE-C6C28BE3BF73}"
EndProject
Project("{2150E333-8FDC-42A3-9474-1A3956D46DE8}") = "POCs", "POCs", "{46170989-11EF-4158-B1AD-4C2EC488125B}"
EndProject
Project("{FAE04EC0-301F-11D3-BF4B-00C04F79EFBC}") = "Services", "Services\Services.csproj", "{8C5A0222-13FD-4176-9198-D7A64BEAB515}"
EndProject
Project("{FAE04EC0-301F-11D3-BF4B-00C04F79EFBC}") = "Processes", "Processes\Processes.csproj", "{4349E3EB-3DDF-4778-A008-EF4E9C3E2A3F}"
EndProject
Project("{FAE04EC0-301F-11D3-BF4B-00C04F79EFBC}") = "Access Control List", "Access Control List\Access Control List.csproj", "{1F1AB0BE-10E6-4FA2-9D1B-BBE93FE6818E}"
EndProject
Project("{FAE04EC0-301F-11D3-BF4B-00C04F79EFBC}") = "Dummy Executable", "Dummy Executable\Dummy Executable.csproj", "{2BA5378D-1B42-4ACD-84E9-1ABB56C4D7EC}"
EndProject
Project("{FAE04EC0-301F-11D3-BF4B-00C04F79EFBC}") = "File Handling", "File Handling\File Handling.csproj", "{1F1090DC-0C29-4ED8-BC1F-E21C199213AB}"
EndProject
Project("{FAE04EC0-301F-11D3-BF4B-00C04F79EFBC}") = "Battery Indicator via Toast Notification", "Battery Indicator Toast Notification\Battery Indicator via Toast Notification.csproj", "{9114C57D-2B92-4690-90DB-C64D79DDFB58}"
EndProject
Project("{FAE04EC0-301F-11D3-BF4B-00C04F79EFBC}") = "WarriorWars", "WarriorWars\WarriorWars.csproj", "{097F816C-DE7F-45E0-9680-CEB956A7C061}"
EndProject
Project("{FAE04EC0-301F-11D3-BF4B-00C04F79EFBC}") = "Bluetooth Pairing", "Bluetooth Pairing\Bluetooth Pairing.csproj", "{20F1CFD6-04F7-4DC4-AB92-E5BBC0AAA82A}"
EndProject
Project("{FAE04EC0-301F-11D3-BF4B-00C04F79EFBC}") = "Windows Drivers", "Windows Drivers\Windows Drivers.csproj", "{BE33B7CD-C4E0-474F-AB7A-776D150C9B5D}"
EndProject
Project("{FAE04EC0-301F-11D3-BF4B-00C04F79EFBC}") = "Service Manager Interaction", "Service Manager Interaction\Service Manager Interaction.csproj", "{7137C523-E778-4FF2-8F18-5E7B4E453B01}"
EndProject
Project("{FAE04EC0-301F-11D3-BF4B-00C04F79EFBC}") = "Delegates and Events", "Delegates and Events\Delegates and Events.csproj", "{EC0DF414-7136-4CCC-A9A6-9A98F6FBAC64}"
EndProject
Project("{FAE04EC0-301F-11D3-BF4B-00C04F79EFBC}") = "Manage Pacakage Installation", "Manage Pacakage Installation\Manage Pacakage Installation.csproj", "{6AE61065-496D-469E-90C4-271A26607054}"
EndProject
Project("{FAE04EC0-301F-11D3-BF4B-00C04F79EFBC}") = "Windows Registry", "Windows Registry\Windows Registry.csproj", "{0328E5E0-EA41-4D75-AB1B-A7DE4B76F5CE}"
EndProject
Project("{FAE04EC0-301F-11D3-BF4B-00C04F79EFBC}") = "Embed Files in Binary", "Embed Files in Binary\Embed Files in Binary.csproj", "{85239070-710C-45F1-86A6-35A653805F58}"
EndProject
Project("{FAE04EC0-301F-11D3-BF4B-00C04F79EFBC}") = "Temp Project", "Temp Project\Temp Project.csproj", "{D220AC40-5BF8-48FB-8D8D-5913CBF86C11}"
EndProject
Project("{FAE04EC0-301F-11D3-BF4B-00C04F79EFBC}") = "Battery Information", "Battery Information\Battery Information.csproj", "{0DE786B1-1E97-4C84-A758-AE558B04AB02}"
EndProject
Project("{FAE04EC0-301F-11D3-BF4B-00C04F79EFBC}") = "Power Shell", "Power Shell\Power Shell.csproj", "{7088C5CB-F1C4-44B1-94EF-FB1D0411704C}"
EndProject
Project("{FAE04EC0-301F-11D3-BF4B-00C04F79EFBC}") = "Toast Notification", "Toast Notification\Toast Notification.csproj", "{DABFB0DB-EE52-48D8-991F-C9FFDB183D87}"
EndProject
Project("{FAE04EC0-301F-11D3-BF4B-00C04F79EFBC}") = "Certificates POC", "Certificates POC\Certificates POC.csproj", "{C5C95552-9D32-43C2-84AD-6BADE5AAA887}"
EndProject
Project("{FAE04EC0-301F-11D3-BF4B-00C04F79EFBC}") = "Task Scheduler", "Task Scheduler\Task Scheduler.csproj", "{8EF8C0F8-7166-4379-91B2-955C2898E14F}"
EndProject
Project("{FAE04EC0-301F-11D3-BF4B-00C04F79EFBC}") = "JSON Parsing", "JSON Parsing\JSON Parsing.csproj", "{B74DD9B6-373B-4D9B-AEC2-BE5753637B05}"
EndProject
Project("{FAE04EC0-301F-11D3-BF4B-00C04F79EFBC}") = "Serialization", "Serialization\Serialization.csproj", "{56DA6B0E-5B60-443C-91A9-FFA9655DFFE6}"
EndProject
Project("{FAE04EC0-301F-11D3-BF4B-00C04F79EFBC}") = "Event Viewer", "Event Viewer\Event Viewer.csproj", "{83FCF814-6FCC-43C5-809A-8B5FE2AB6FE0}"
EndProject
Global
	GlobalSection(SolutionConfigurationPlatforms) = preSolution
		Debug|Any CPU = Debug|Any CPU
		Release|Any CPU = Release|Any CPU
	EndGlobalSection
	GlobalSection(ProjectConfigurationPlatforms) = postSolution
		{489EC6A1-F8D1-484A-B94D-CF3682C419DD}.Debug|Any CPU.ActiveCfg = Debug|Any CPU
		{489EC6A1-F8D1-484A-B94D-CF3682C419DD}.Debug|Any CPU.Build.0 = Debug|Any CPU
		{489EC6A1-F8D1-484A-B94D-CF3682C419DD}.Release|Any CPU.ActiveCfg = Release|Any CPU
		{489EC6A1-F8D1-484A-B94D-CF3682C419DD}.Release|Any CPU.Build.0 = Release|Any CPU
		{4C6032DD-AE6C-452F-833B-F8CACC54F8A1}.Debug|Any CPU.ActiveCfg = Debug|Any CPU
		{4C6032DD-AE6C-452F-833B-F8CACC54F8A1}.Debug|Any CPU.Build.0 = Debug|Any CPU
		{4C6032DD-AE6C-452F-833B-F8CACC54F8A1}.Release|Any CPU.ActiveCfg = Release|Any CPU
		{4C6032DD-AE6C-452F-833B-F8CACC54F8A1}.Release|Any CPU.Build.0 = Release|Any CPU
		{492C96CE-0BE2-4F67-BB0D-925DE2BCDC73}.Debug|Any CPU.ActiveCfg = Debug|Any CPU
		{492C96CE-0BE2-4F67-BB0D-925DE2BCDC73}.Debug|Any CPU.Build.0 = Debug|Any CPU
		{492C96CE-0BE2-4F67-BB0D-925DE2BCDC73}.Release|Any CPU.ActiveCfg = Release|Any CPU
		{492C96CE-0BE2-4F67-BB0D-925DE2BCDC73}.Release|Any CPU.Build.0 = Release|Any CPU
		{9AA3CBE9-7F24-4D17-AA68-A5D3B1AE0326}.Debug|Any CPU.ActiveCfg = Debug|Any CPU
		{9AA3CBE9-7F24-4D17-AA68-A5D3B1AE0326}.Debug|Any CPU.Build.0 = Debug|Any CPU
		{9AA3CBE9-7F24-4D17-AA68-A5D3B1AE0326}.Release|Any CPU.ActiveCfg = Release|Any CPU
		{9AA3CBE9-7F24-4D17-AA68-A5D3B1AE0326}.Release|Any CPU.Build.0 = Release|Any CPU
		{C573F923-359D-48A1-A318-A518F47E9DEE}.Debug|Any CPU.ActiveCfg = Debug|Any CPU
		{C573F923-359D-48A1-A318-A518F47E9DEE}.Debug|Any CPU.Build.0 = Debug|Any CPU
		{C573F923-359D-48A1-A318-A518F47E9DEE}.Release|Any CPU.ActiveCfg = Release|Any CPU
		{C573F923-359D-48A1-A318-A518F47E9DEE}.Release|Any CPU.Build.0 = Release|Any CPU
		{E8F4AA38-E969-46EE-9F91-B9BE4AD9C0D0}.Debug|Any CPU.ActiveCfg = Debug|Any CPU
		{E8F4AA38-E969-46EE-9F91-B9BE4AD9C0D0}.Debug|Any CPU.Build.0 = Debug|Any CPU
		{E8F4AA38-E969-46EE-9F91-B9BE4AD9C0D0}.Release|Any CPU.ActiveCfg = Release|Any CPU
		{E8F4AA38-E969-46EE-9F91-B9BE4AD9C0D0}.Release|Any CPU.Build.0 = Release|Any CPU
		{90D84B56-8D3A-43A3-92C0-7EFF1B250053}.Debug|Any CPU.ActiveCfg = Debug|Any CPU
		{90D84B56-8D3A-43A3-92C0-7EFF1B250053}.Debug|Any CPU.Build.0 = Debug|Any CPU
		{90D84B56-8D3A-43A3-92C0-7EFF1B250053}.Release|Any CPU.ActiveCfg = Release|Any CPU
		{90D84B56-8D3A-43A3-92C0-7EFF1B250053}.Release|Any CPU.Build.0 = Release|Any CPU
		{4FC39111-D637-4ABA-95C8-D9AAC50B5FFF}.Debug|Any CPU.ActiveCfg = Debug|Any CPU
		{4FC39111-D637-4ABA-95C8-D9AAC50B5FFF}.Debug|Any CPU.Build.0 = Debug|Any CPU
		{4FC39111-D637-4ABA-95C8-D9AAC50B5FFF}.Release|Any CPU.ActiveCfg = Release|Any CPU
		{4FC39111-D637-4ABA-95C8-D9AAC50B5FFF}.Release|Any CPU.Build.0 = Release|Any CPU
		{59E5BA67-C947-4276-A78B-85676B644161}.Debug|Any CPU.ActiveCfg = Debug|Any CPU
		{59E5BA67-C947-4276-A78B-85676B644161}.Debug|Any CPU.Build.0 = Debug|Any CPU
		{59E5BA67-C947-4276-A78B-85676B644161}.Release|Any CPU.ActiveCfg = Release|Any CPU
		{59E5BA67-C947-4276-A78B-85676B644161}.Release|Any CPU.Build.0 = Release|Any CPU
		{91C43BD5-849E-4C3C-9EE6-75A982BD0A0B}.Debug|Any CPU.ActiveCfg = Debug|Any CPU
		{91C43BD5-849E-4C3C-9EE6-75A982BD0A0B}.Debug|Any CPU.Build.0 = Debug|Any CPU
		{91C43BD5-849E-4C3C-9EE6-75A982BD0A0B}.Release|Any CPU.ActiveCfg = Release|Any CPU
		{91C43BD5-849E-4C3C-9EE6-75A982BD0A0B}.Release|Any CPU.Build.0 = Release|Any CPU
		{F22D1424-9503-46FB-AD83-3E1FB8600E93}.Debug|Any CPU.ActiveCfg = Debug|Any CPU
		{F22D1424-9503-46FB-AD83-3E1FB8600E93}.Debug|Any CPU.Build.0 = Debug|Any CPU
		{F22D1424-9503-46FB-AD83-3E1FB8600E93}.Release|Any CPU.ActiveCfg = Release|Any CPU
		{F22D1424-9503-46FB-AD83-3E1FB8600E93}.Release|Any CPU.Build.0 = Release|Any CPU
		{99A05FF8-92FC-48B1-8770-6D28D4161567}.Debug|Any CPU.ActiveCfg = Debug|Any CPU
		{99A05FF8-92FC-48B1-8770-6D28D4161567}.Debug|Any CPU.Build.0 = Debug|Any CPU
		{99A05FF8-92FC-48B1-8770-6D28D4161567}.Release|Any CPU.ActiveCfg = Release|Any CPU
		{99A05FF8-92FC-48B1-8770-6D28D4161567}.Release|Any CPU.Build.0 = Release|Any CPU
		{E6F20AF4-62F1-4D00-AFCE-C6C28BE3BF73}.Debug|Any CPU.ActiveCfg = Debug|Any CPU
		{E6F20AF4-62F1-4D00-AFCE-C6C28BE3BF73}.Debug|Any CPU.Build.0 = Debug|Any CPU
		{E6F20AF4-62F1-4D00-AFCE-C6C28BE3BF73}.Release|Any CPU.ActiveCfg = Release|Any CPU
		{E6F20AF4-62F1-4D00-AFCE-C6C28BE3BF73}.Release|Any CPU.Build.0 = Release|Any CPU
		{8C5A0222-13FD-4176-9198-D7A64BEAB515}.Debug|Any CPU.ActiveCfg = Debug|Any CPU
		{8C5A0222-13FD-4176-9198-D7A64BEAB515}.Debug|Any CPU.Build.0 = Debug|Any CPU
		{8C5A0222-13FD-4176-9198-D7A64BEAB515}.Release|Any CPU.ActiveCfg = Release|Any CPU
		{8C5A0222-13FD-4176-9198-D7A64BEAB515}.Release|Any CPU.Build.0 = Release|Any CPU
		{4349E3EB-3DDF-4778-A008-EF4E9C3E2A3F}.Debug|Any CPU.ActiveCfg = Debug|Any CPU
		{4349E3EB-3DDF-4778-A008-EF4E9C3E2A3F}.Debug|Any CPU.Build.0 = Debug|Any CPU
		{4349E3EB-3DDF-4778-A008-EF4E9C3E2A3F}.Release|Any CPU.ActiveCfg = Release|Any CPU
		{4349E3EB-3DDF-4778-A008-EF4E9C3E2A3F}.Release|Any CPU.Build.0 = Release|Any CPU
		{1F1AB0BE-10E6-4FA2-9D1B-BBE93FE6818E}.Debug|Any CPU.ActiveCfg = Debug|Any CPU
		{1F1AB0BE-10E6-4FA2-9D1B-BBE93FE6818E}.Debug|Any CPU.Build.0 = Debug|Any CPU
		{1F1AB0BE-10E6-4FA2-9D1B-BBE93FE6818E}.Release|Any CPU.ActiveCfg = Release|Any CPU
		{1F1AB0BE-10E6-4FA2-9D1B-BBE93FE6818E}.Release|Any CPU.Build.0 = Release|Any CPU
		{2BA5378D-1B42-4ACD-84E9-1ABB56C4D7EC}.Debug|Any CPU.ActiveCfg = Debug|Any CPU
		{2BA5378D-1B42-4ACD-84E9-1ABB56C4D7EC}.Debug|Any CPU.Build.0 = Debug|Any CPU
		{2BA5378D-1B42-4ACD-84E9-1ABB56C4D7EC}.Release|Any CPU.ActiveCfg = Release|Any CPU
		{2BA5378D-1B42-4ACD-84E9-1ABB56C4D7EC}.Release|Any CPU.Build.0 = Release|Any CPU
		{1F1090DC-0C29-4ED8-BC1F-E21C199213AB}.Debug|Any CPU.ActiveCfg = Debug|Any CPU
		{1F1090DC-0C29-4ED8-BC1F-E21C199213AB}.Debug|Any CPU.Build.0 = Debug|Any CPU
		{1F1090DC-0C29-4ED8-BC1F-E21C199213AB}.Release|Any CPU.ActiveCfg = Release|Any CPU
		{1F1090DC-0C29-4ED8-BC1F-E21C199213AB}.Release|Any CPU.Build.0 = Release|Any CPU
		{9114C57D-2B92-4690-90DB-C64D79DDFB58}.Debug|Any CPU.ActiveCfg = Debug|Any CPU
		{9114C57D-2B92-4690-90DB-C64D79DDFB58}.Debug|Any CPU.Build.0 = Debug|Any CPU
		{9114C57D-2B92-4690-90DB-C64D79DDFB58}.Release|Any CPU.ActiveCfg = Release|Any CPU
		{9114C57D-2B92-4690-90DB-C64D79DDFB58}.Release|Any CPU.Build.0 = Release|Any CPU
		{097F816C-DE7F-45E0-9680-CEB956A7C061}.Debug|Any CPU.ActiveCfg = Debug|Any CPU
		{097F816C-DE7F-45E0-9680-CEB956A7C061}.Debug|Any CPU.Build.0 = Debug|Any CPU
		{097F816C-DE7F-45E0-9680-CEB956A7C061}.Release|Any CPU.ActiveCfg = Release|Any CPU
		{097F816C-DE7F-45E0-9680-CEB956A7C061}.Release|Any CPU.Build.0 = Release|Any CPU
		{20F1CFD6-04F7-4DC4-AB92-E5BBC0AAA82A}.Debug|Any CPU.ActiveCfg = Debug|Any CPU
		{20F1CFD6-04F7-4DC4-AB92-E5BBC0AAA82A}.Debug|Any CPU.Build.0 = Debug|Any CPU
		{20F1CFD6-04F7-4DC4-AB92-E5BBC0AAA82A}.Release|Any CPU.ActiveCfg = Release|Any CPU
		{20F1CFD6-04F7-4DC4-AB92-E5BBC0AAA82A}.Release|Any CPU.Build.0 = Release|Any CPU
		{BE33B7CD-C4E0-474F-AB7A-776D150C9B5D}.Debug|Any CPU.ActiveCfg = Debug|Any CPU
		{BE33B7CD-C4E0-474F-AB7A-776D150C9B5D}.Debug|Any CPU.Build.0 = Debug|Any CPU
		{BE33B7CD-C4E0-474F-AB7A-776D150C9B5D}.Release|Any CPU.ActiveCfg = Release|Any CPU
		{BE33B7CD-C4E0-474F-AB7A-776D150C9B5D}.Release|Any CPU.Build.0 = Release|Any CPU
		{7137C523-E778-4FF2-8F18-5E7B4E453B01}.Debug|Any CPU.ActiveCfg = Debug|Any CPU
		{7137C523-E778-4FF2-8F18-5E7B4E453B01}.Debug|Any CPU.Build.0 = Debug|Any CPU
		{7137C523-E778-4FF2-8F18-5E7B4E453B01}.Release|Any CPU.ActiveCfg = Release|Any CPU
		{7137C523-E778-4FF2-8F18-5E7B4E453B01}.Release|Any CPU.Build.0 = Release|Any CPU
		{EC0DF414-7136-4CCC-A9A6-9A98F6FBAC64}.Debug|Any CPU.ActiveCfg = Debug|Any CPU
		{EC0DF414-7136-4CCC-A9A6-9A98F6FBAC64}.Debug|Any CPU.Build.0 = Debug|Any CPU
		{EC0DF414-7136-4CCC-A9A6-9A98F6FBAC64}.Release|Any CPU.ActiveCfg = Release|Any CPU
		{EC0DF414-7136-4CCC-A9A6-9A98F6FBAC64}.Release|Any CPU.Build.0 = Release|Any CPU
		{6AE61065-496D-469E-90C4-271A26607054}.Debug|Any CPU.ActiveCfg = Debug|Any CPU
		{6AE61065-496D-469E-90C4-271A26607054}.Debug|Any CPU.Build.0 = Debug|Any CPU
		{6AE61065-496D-469E-90C4-271A26607054}.Release|Any CPU.ActiveCfg = Release|Any CPU
		{6AE61065-496D-469E-90C4-271A26607054}.Release|Any CPU.Build.0 = Release|Any CPU
		{0328E5E0-EA41-4D75-AB1B-A7DE4B76F5CE}.Debug|Any CPU.ActiveCfg = Debug|Any CPU
		{0328E5E0-EA41-4D75-AB1B-A7DE4B76F5CE}.Debug|Any CPU.Build.0 = Debug|Any CPU
		{0328E5E0-EA41-4D75-AB1B-A7DE4B76F5CE}.Release|Any CPU.ActiveCfg = Release|Any CPU
		{0328E5E0-EA41-4D75-AB1B-A7DE4B76F5CE}.Release|Any CPU.Build.0 = Release|Any CPU
		{85239070-710C-45F1-86A6-35A653805F58}.Debug|Any CPU.ActiveCfg = Debug|Any CPU
		{85239070-710C-45F1-86A6-35A653805F58}.Debug|Any CPU.Build.0 = Debug|Any CPU
		{85239070-710C-45F1-86A6-35A653805F58}.Release|Any CPU.ActiveCfg = Release|Any CPU
		{85239070-710C-45F1-86A6-35A653805F58}.Release|Any CPU.Build.0 = Release|Any CPU
		{D220AC40-5BF8-48FB-8D8D-5913CBF86C11}.Debug|Any CPU.ActiveCfg = Debug|Any CPU
		{D220AC40-5BF8-48FB-8D8D-5913CBF86C11}.Debug|Any CPU.Build.0 = Debug|Any CPU
		{D220AC40-5BF8-48FB-8D8D-5913CBF86C11}.Release|Any CPU.ActiveCfg = Release|Any CPU
		{D220AC40-5BF8-48FB-8D8D-5913CBF86C11}.Release|Any CPU.Build.0 = Release|Any CPU
		{0DE786B1-1E97-4C84-A758-AE558B04AB02}.Debug|Any CPU.ActiveCfg = Debug|Any CPU
		{0DE786B1-1E97-4C84-A758-AE558B04AB02}.Debug|Any CPU.Build.0 = Debug|Any CPU
		{0DE786B1-1E97-4C84-A758-AE558B04AB02}.Release|Any CPU.ActiveCfg = Release|Any CPU
		{0DE786B1-1E97-4C84-A758-AE558B04AB02}.Release|Any CPU.Build.0 = Release|Any CPU
		{7088C5CB-F1C4-44B1-94EF-FB1D0411704C}.Debug|Any CPU.ActiveCfg = Debug|Any CPU
		{7088C5CB-F1C4-44B1-94EF-FB1D0411704C}.Debug|Any CPU.Build.0 = Debug|Any CPU
		{7088C5CB-F1C4-44B1-94EF-FB1D0411704C}.Release|Any CPU.ActiveCfg = Release|Any CPU
		{7088C5CB-F1C4-44B1-94EF-FB1D0411704C}.Release|Any CPU.Build.0 = Release|Any CPU
		{DABFB0DB-EE52-48D8-991F-C9FFDB183D87}.Debug|Any CPU.ActiveCfg = Debug|Any CPU
		{DABFB0DB-EE52-48D8-991F-C9FFDB183D87}.Debug|Any CPU.Build.0 = Debug|Any CPU
		{DABFB0DB-EE52-48D8-991F-C9FFDB183D87}.Release|Any CPU.ActiveCfg = Release|Any CPU
		{DABFB0DB-EE52-48D8-991F-C9FFDB183D87}.Release|Any CPU.Build.0 = Release|Any CPU
		{C5C95552-9D32-43C2-84AD-6BADE5AAA887}.Debug|Any CPU.ActiveCfg = Debug|Any CPU
		{C5C95552-9D32-43C2-84AD-6BADE5AAA887}.Debug|Any CPU.Build.0 = Debug|Any CPU
		{C5C95552-9D32-43C2-84AD-6BADE5AAA887}.Release|Any CPU.ActiveCfg = Release|Any CPU
		{C5C95552-9D32-43C2-84AD-6BADE5AAA887}.Release|Any CPU.Build.0 = Release|Any CPU
		{8EF8C0F8-7166-4379-91B2-955C2898E14F}.Debug|Any CPU.ActiveCfg = Debug|Any CPU
		{8EF8C0F8-7166-4379-91B2-955C2898E14F}.Debug|Any CPU.Build.0 = Debug|Any CPU
		{8EF8C0F8-7166-4379-91B2-955C2898E14F}.Release|Any CPU.ActiveCfg = Release|Any CPU
		{8EF8C0F8-7166-4379-91B2-955C2898E14F}.Release|Any CPU.Build.0 = Release|Any CPU
		{B74DD9B6-373B-4D9B-AEC2-BE5753637B05}.Debug|Any CPU.ActiveCfg = Debug|Any CPU
		{B74DD9B6-373B-4D9B-AEC2-BE5753637B05}.Debug|Any CPU.Build.0 = Debug|Any CPU
		{B74DD9B6-373B-4D9B-AEC2-BE5753637B05}.Release|Any CPU.ActiveCfg = Release|Any CPU
		{B74DD9B6-373B-4D9B-AEC2-BE5753637B05}.Release|Any CPU.Build.0 = Release|Any CPU
		{56DA6B0E-5B60-443C-91A9-FFA9655DFFE6}.Debug|Any CPU.ActiveCfg = Debug|Any CPU
		{56DA6B0E-5B60-443C-91A9-FFA9655DFFE6}.Debug|Any CPU.Build.0 = Debug|Any CPU
		{56DA6B0E-5B60-443C-91A9-FFA9655DFFE6}.Release|Any CPU.ActiveCfg = Release|Any CPU
		{56DA6B0E-5B60-443C-91A9-FFA9655DFFE6}.Release|Any CPU.Build.0 = Release|Any CPU
		{83FCF814-6FCC-43C5-809A-8B5FE2AB6FE0}.Debug|Any CPU.ActiveCfg = Debug|Any CPU
		{83FCF814-6FCC-43C5-809A-8B5FE2AB6FE0}.Debug|Any CPU.Build.0 = Debug|Any CPU
		{83FCF814-6FCC-43C5-809A-8B5FE2AB6FE0}.Release|Any CPU.ActiveCfg = Release|Any CPU
		{83FCF814-6FCC-43C5-809A-8B5FE2AB6FE0}.Release|Any CPU.Build.0 = Release|Any CPU
	EndGlobalSection
	GlobalSection(SolutionProperties) = preSolution
		HideSolutionNode = FALSE
	EndGlobalSection
	GlobalSection(NestedProjects) = preSolution
		{489EC6A1-F8D1-484A-B94D-CF3682C419DD} = {09D73EB2-C9DD-4FBA-B2D2-EECA8266793E}
		{4C6032DD-AE6C-452F-833B-F8CACC54F8A1} = {09D73EB2-C9DD-4FBA-B2D2-EECA8266793E}
		{492C96CE-0BE2-4F67-BB0D-925DE2BCDC73} = {8E4621DE-9830-4CDC-9389-632736D21049}
		{9AA3CBE9-7F24-4D17-AA68-A5D3B1AE0326} = {09D73EB2-C9DD-4FBA-B2D2-EECA8266793E}
		{C573F923-359D-48A1-A318-A518F47E9DEE} = {09D73EB2-C9DD-4FBA-B2D2-EECA8266793E}
		{E8F4AA38-E969-46EE-9F91-B9BE4AD9C0D0} = {8E4621DE-9830-4CDC-9389-632736D21049}
		{90D84B56-8D3A-43A3-92C0-7EFF1B250053} = {09D73EB2-C9DD-4FBA-B2D2-EECA8266793E}
		{4FC39111-D637-4ABA-95C8-D9AAC50B5FFF} = {8E4621DE-9830-4CDC-9389-632736D21049}
		{59E5BA67-C947-4276-A78B-85676B644161} = {8E4621DE-9830-4CDC-9389-632736D21049}
		{91C43BD5-849E-4C3C-9EE6-75A982BD0A0B} = {09D73EB2-C9DD-4FBA-B2D2-EECA8266793E}
		{F22D1424-9503-46FB-AD83-3E1FB8600E93} = {16AA7929-7F89-4B71-B28C-23A2736276F8}
		{99A05FF8-92FC-48B1-8770-6D28D4161567} = {16AA7929-7F89-4B71-B28C-23A2736276F8}
		{E6F20AF4-62F1-4D00-AFCE-C6C28BE3BF73} = {16AA7929-7F89-4B71-B28C-23A2736276F8}
		{8C5A0222-13FD-4176-9198-D7A64BEAB515} = {46170989-11EF-4158-B1AD-4C2EC488125B}
		{4349E3EB-3DDF-4778-A008-EF4E9C3E2A3F} = {46170989-11EF-4158-B1AD-4C2EC488125B}
		{1F1AB0BE-10E6-4FA2-9D1B-BBE93FE6818E} = {46170989-11EF-4158-B1AD-4C2EC488125B}
		{2BA5378D-1B42-4ACD-84E9-1ABB56C4D7EC} = {46170989-11EF-4158-B1AD-4C2EC488125B}
		{1F1090DC-0C29-4ED8-BC1F-E21C199213AB} = {16AA7929-7F89-4B71-B28C-23A2736276F8}
		{9114C57D-2B92-4690-90DB-C64D79DDFB58} = {46170989-11EF-4158-B1AD-4C2EC488125B}
		{097F816C-DE7F-45E0-9680-CEB956A7C061} = {46170989-11EF-4158-B1AD-4C2EC488125B}
		{20F1CFD6-04F7-4DC4-AB92-E5BBC0AAA82A} = {46170989-11EF-4158-B1AD-4C2EC488125B}
		{BE33B7CD-C4E0-474F-AB7A-776D150C9B5D} = {46170989-11EF-4158-B1AD-4C2EC488125B}
		{7137C523-E778-4FF2-8F18-5E7B4E453B01} = {46170989-11EF-4158-B1AD-4C2EC488125B}
		{EC0DF414-7136-4CCC-A9A6-9A98F6FBAC64} = {09D73EB2-C9DD-4FBA-B2D2-EECA8266793E}
		{6AE61065-496D-469E-90C4-271A26607054} = {46170989-11EF-4158-B1AD-4C2EC488125B}
		{0328E5E0-EA41-4D75-AB1B-A7DE4B76F5CE} = {46170989-11EF-4158-B1AD-4C2EC488125B}
		{85239070-710C-45F1-86A6-35A653805F58} = {46170989-11EF-4158-B1AD-4C2EC488125B}
		{0DE786B1-1E97-4C84-A758-AE558B04AB02} = {46170989-11EF-4158-B1AD-4C2EC488125B}
		{7088C5CB-F1C4-44B1-94EF-FB1D0411704C} = {46170989-11EF-4158-B1AD-4C2EC488125B}
		{DABFB0DB-EE52-48D8-991F-C9FFDB183D87} = {46170989-11EF-4158-B1AD-4C2EC488125B}
		{C5C95552-9D32-43C2-84AD-6BADE5AAA887} = {46170989-11EF-4158-B1AD-4C2EC488125B}
		{8EF8C0F8-7166-4379-91B2-955C2898E14F} = {46170989-11EF-4158-B1AD-4C2EC488125B}
		{B74DD9B6-373B-4D9B-AEC2-BE5753637B05} = {16AA7929-7F89-4B71-B28C-23A2736276F8}
		{56DA6B0E-5B60-443C-91A9-FFA9655DFFE6} = {16AA7929-7F89-4B71-B28C-23A2736276F8}
		{83FCF814-6FCC-43C5-809A-8B5FE2AB6FE0} = {46170989-11EF-4158-B1AD-4C2EC488125B}
	EndGlobalSection
	GlobalSection(ExtensibilityGlobals) = postSolution
		SolutionGuid = {1A6E4CA5-C64B-46E0-9352-0993DD47501F}
	EndGlobalSection
EndGlobal
