
Microsoft Visual Studio Solution File, Format Version 12.00
# Visual Studio 15
VisualStudioVersion = 15.0.28307.1022
MinimumVisualStudioVersion = 10.0.40219.1
Project("{2150E333-8FDC-42A3-9474-1A3956D46DE8}") = "C++ CLI", "C++ CLI", "{F73070E2-F10E-4179-829B-C9D6EE0AC19E}"
EndProject
Project("{2150E333-8FDC-42A3-9474-1A3956D46DE8}") = "Direct 2D", "Direct 2D", "{413456B1-0984-480D-BAB3-2F8F933CC260}"
EndProject
Project("{2150E333-8FDC-42A3-9474-1A3956D46DE8}") = "WIN32 API", "WIN32 API", "{87325EBA-F4AC-4AA3-8915-D199598CDD1E}"
EndProject
Project("{2150E333-8FDC-42A3-9474-1A3956D46DE8}") = "Practice Apps", "Practice Apps", "{ADCFB15B-8CB1-4207-A010-CC1FFFA9855C}"
EndProject
Project("{8BC9CEB8-8B4A-11D0-8D11-00A0C91BC942}") = "1.IntroToCLR", "C++ CLI\1.IntroToCLR\IntroToCLR.vcxproj", "{2452E1FA-BBC7-49AD-B80F-AA1BBCB88F96}"
EndProject
Project("{8BC9CEB8-8B4A-11D0-8D11-00A0C91BC942}") = "2.HandlesAndPointers", "C++ CLI\2.HandlesAndPointers\HandlesAndPointers.vcxproj", "{FCE0B7E5-84D5-4EFE-88FC-8BBD86EF56A3}"
EndProject
Project("{8BC9CEB8-8B4A-11D0-8D11-00A0C91BC942}") = "3.DataTypes", "C++ CLI\3.DataTypes\3.DataTypes.vcxproj", "{BC3771E8-B5EB-4112-B628-29E7CDA37824}"
EndProject
Project("{8BC9CEB8-8B4A-11D0-8D11-00A0C91BC942}") = "4.PinningAndInternalPointers", "C++ CLI\4.PinningAndInternalPointers\4.PinningAndInternalPointers.vcxproj", "{F0F383D1-2138-40CF-B8D4-BB1FF7A633FD}"
EndProject
Project("{8BC9CEB8-8B4A-11D0-8D11-00A0C91BC942}") = "1_Creating_Windows", "Direct_2D\1_Creating_Windows\1_Creating_Windows.vcxproj", "{CE2C32AA-755A-4401-A6C4-ABB2EA7C88C3}"
EndProject
Project("{8BC9CEB8-8B4A-11D0-8D11-00A0C91BC942}") = "2_Drawing_Circles", "Direct_2D\2_Drawing_Circles\2_Drawing_Circles.vcxproj", "{277EC46A-0D91-4346-AD47-DCA67E1BCC7C}"
EndProject
Project("{8BC9CEB8-8B4A-11D0-8D11-00A0C91BC942}") = "3_Creating_Animated_Objects", "Direct_2D\3_Creating_Animated_Objects\3_Creating_Animated_Objects.vcxproj", "{BCEF4F4D-DA73-4F6A-88C9-E365C252372B}"
EndProject
Project("{8BC9CEB8-8B4A-11D0-8D11-00A0C91BC942}") = "4_Making_2D_Game_Emgine", "Direct_2D\4_Making_2D_Game_Engine\4_Making_2D_Game_Emgine.vcxproj", "{D9691D8F-A448-40DF-9D5A-2D7003AEA0DF}"
EndProject
Project("{8BC9CEB8-8B4A-11D0-8D11-00A0C91BC942}") = "5_Draw_Bitmap", "Direct_2D\5_Draw_Bitmap\5_Draw_Bitmap.vcxproj", "{C468CB04-800B-421B-8AC0-590C1095DD68}"
EndProject
Project("{FAE04EC0-301F-11D3-BF4B-00C04F79EFBC}") = "Classes_Intro", "Practice_Apps\Classes_Intro\Classes_Intro.csproj", "{4A9CD6D6-DEDA-4230-9363-025DB25680A7}"
EndProject
Project("{8BC9CEB8-8B4A-11D0-8D11-00A0C91BC942}") = "Links", "Practice_Apps\Links\Links.vcxproj", "{10B1D70B-AED5-4495-9BED-CBD4DE7EB134}"
EndProject
Project("{FAE04EC0-301F-11D3-BF4B-00C04F79EFBC}") = "WarriorWars", "Practice_Apps\WarriorWars\WarriorWars.csproj", "{097F816C-DE7F-45E0-9680-CEB956A7C061}"
EndProject
Project("{8BC9CEB8-8B4A-11D0-8D11-00A0C91BC942}") = "0_Crearing_Windows", "WIN_32_API\1_Crearing_Windows\1_Crearing_Windows.vcxproj", "{743429A1-86F2-4207-80EF-FC9A739DF617}"
EndProject
Project("{8BC9CEB8-8B4A-11D0-8D11-00A0C91BC942}") = "1_Creating_Menu", "WIN_32_API\2_Creating_Menu\2_Creating_Menu.vcxproj", "{A70C90C0-CCB6-4A90-BDA9-1A563B6EEA7A}"
EndProject
Project("{8BC9CEB8-8B4A-11D0-8D11-00A0C91BC942}") = "2_Edit_And_Stati_Controls", "WIN_32_API\3_Edit_And_Stati_Controls\3_Edit_And_Stati_Controls.vcxproj", "{53C65560-EC5C-4CA8-8F70-CBC9B7B6CC60}"
EndProject
Project("{8BC9CEB8-8B4A-11D0-8D11-00A0C91BC942}") = "3_Creating_Buttons_And_Demo_app", "WIN_32_API\4_Creating_Buttons_And_Demo_app\4_Creating_Buttons_And_Demo_app.vcxproj", "{0060B536-BCAA-434F-A92B-0A886EA83D02}"
EndProject
Project("{8BC9CEB8-8B4A-11D0-8D11-00A0C91BC942}") = "4_Working_with_Images(Bitmap)", "WIN_32_API\5_Working_with_Images(Bitmap)\5_Working_with_Images(Bitmap).vcxproj", "{C8DBAE57-1A64-4A73-ACD5-AFEC50501529}"
EndProject
Project("{8BC9CEB8-8B4A-11D0-8D11-00A0C91BC942}") = "5_Creating_Message_Dialog_Box", "WIN_32_API\6_Creating_Message_Dialog_Box\6_Creating_Message_Dialog_Box.vcxproj", "{3BF50AD9-6D07-452D-B6DA-D24F893A29E4}"
EndProject
Project("{8BC9CEB8-8B4A-11D0-8D11-00A0C91BC942}") = "6_Working_with_model_modeless_Dialogs", "WIN_32_API\7_Working_with_Model_Modeless_Dialogs\7.Working_with_model_modeless_Dialogs.vcxproj", "{6A9D024B-C5E2-4718-A3F7-40F028EA47EF}"
EndProject
Project("{8BC9CEB8-8B4A-11D0-8D11-00A0C91BC942}") = "7_Open_File_Dialog", "WIN_32_API\8_Open_File_Dialog\8_Open_File_Dialog.vcxproj", "{2C7A6CA6-D19B-4670-8F4C-8093EBE12A70}"
EndProject
Project("{8BC9CEB8-8B4A-11D0-8D11-00A0C91BC942}") = "8_Save_File_Dialog_Box_And_ScrollBars", "WIN_32_API\9_Save_File_Dialog_Box_And_ScrollBars\8_Save_File_Dialog_Box_And_ScrollBars.vcxproj", "{8DE4E333-68CA-4BDE-8199-B03C95BCF7F2}"
EndProject
Project("{8BC9CEB8-8B4A-11D0-8D11-00A0C91BC942}") = "9_CheckBoxes_Radio_DropDown", "WIN_32_API\10_CheckBoxes_Radio_DropDown\10_CheckBoxes_Radio_DropDown.vcxproj", "{B7971444-F913-4FFF-A6B0-9A1FC89AAC8D}"
EndProject
Global
	GlobalSection(SolutionConfigurationPlatforms) = preSolution
		Debug|Any CPU = Debug|Any CPU
		Debug|x64 = Debug|x64
		Debug|x86 = Debug|x86
		Release|Any CPU = Release|Any CPU
		Release|x64 = Release|x64
		Release|x86 = Release|x86
	EndGlobalSection
	GlobalSection(ProjectConfigurationPlatforms) = postSolution
		{2452E1FA-BBC7-49AD-B80F-AA1BBCB88F96}.Debug|Any CPU.ActiveCfg = Debug|Win32
		{2452E1FA-BBC7-49AD-B80F-AA1BBCB88F96}.Debug|x64.ActiveCfg = Debug|x64
		{2452E1FA-BBC7-49AD-B80F-AA1BBCB88F96}.Debug|x64.Build.0 = Debug|x64
		{2452E1FA-BBC7-49AD-B80F-AA1BBCB88F96}.Debug|x86.ActiveCfg = Debug|Win32
		{2452E1FA-BBC7-49AD-B80F-AA1BBCB88F96}.Debug|x86.Build.0 = Debug|Win32
		{2452E1FA-BBC7-49AD-B80F-AA1BBCB88F96}.Release|Any CPU.ActiveCfg = Release|Win32
		{2452E1FA-BBC7-49AD-B80F-AA1BBCB88F96}.Release|x64.ActiveCfg = Release|x64
		{2452E1FA-BBC7-49AD-B80F-AA1BBCB88F96}.Release|x64.Build.0 = Release|x64
		{2452E1FA-BBC7-49AD-B80F-AA1BBCB88F96}.Release|x86.ActiveCfg = Release|Win32
		{2452E1FA-BBC7-49AD-B80F-AA1BBCB88F96}.Release|x86.Build.0 = Release|Win32
		{FCE0B7E5-84D5-4EFE-88FC-8BBD86EF56A3}.Debug|Any CPU.ActiveCfg = Debug|Win32
		{FCE0B7E5-84D5-4EFE-88FC-8BBD86EF56A3}.Debug|x64.ActiveCfg = Debug|x64
		{FCE0B7E5-84D5-4EFE-88FC-8BBD86EF56A3}.Debug|x64.Build.0 = Debug|x64
		{FCE0B7E5-84D5-4EFE-88FC-8BBD86EF56A3}.Debug|x86.ActiveCfg = Debug|Win32
		{FCE0B7E5-84D5-4EFE-88FC-8BBD86EF56A3}.Debug|x86.Build.0 = Debug|Win32
		{FCE0B7E5-84D5-4EFE-88FC-8BBD86EF56A3}.Release|Any CPU.ActiveCfg = Release|Win32
		{FCE0B7E5-84D5-4EFE-88FC-8BBD86EF56A3}.Release|x64.ActiveCfg = Release|x64
		{FCE0B7E5-84D5-4EFE-88FC-8BBD86EF56A3}.Release|x64.Build.0 = Release|x64
		{FCE0B7E5-84D5-4EFE-88FC-8BBD86EF56A3}.Release|x86.ActiveCfg = Release|Win32
		{FCE0B7E5-84D5-4EFE-88FC-8BBD86EF56A3}.Release|x86.Build.0 = Release|Win32
		{BC3771E8-B5EB-4112-B628-29E7CDA37824}.Debug|Any CPU.ActiveCfg = Debug|Win32
		{BC3771E8-B5EB-4112-B628-29E7CDA37824}.Debug|x64.ActiveCfg = Debug|x64
		{BC3771E8-B5EB-4112-B628-29E7CDA37824}.Debug|x64.Build.0 = Debug|x64
		{BC3771E8-B5EB-4112-B628-29E7CDA37824}.Debug|x86.ActiveCfg = Debug|Win32
		{BC3771E8-B5EB-4112-B628-29E7CDA37824}.Debug|x86.Build.0 = Debug|Win32
		{BC3771E8-B5EB-4112-B628-29E7CDA37824}.Release|Any CPU.ActiveCfg = Release|Win32
		{BC3771E8-B5EB-4112-B628-29E7CDA37824}.Release|x64.ActiveCfg = Release|x64
		{BC3771E8-B5EB-4112-B628-29E7CDA37824}.Release|x64.Build.0 = Release|x64
		{BC3771E8-B5EB-4112-B628-29E7CDA37824}.Release|x86.ActiveCfg = Release|Win32
		{BC3771E8-B5EB-4112-B628-29E7CDA37824}.Release|x86.Build.0 = Release|Win32
		{F0F383D1-2138-40CF-B8D4-BB1FF7A633FD}.Debug|Any CPU.ActiveCfg = Debug|Win32
		{F0F383D1-2138-40CF-B8D4-BB1FF7A633FD}.Debug|x64.ActiveCfg = Debug|x64
		{F0F383D1-2138-40CF-B8D4-BB1FF7A633FD}.Debug|x64.Build.0 = Debug|x64
		{F0F383D1-2138-40CF-B8D4-BB1FF7A633FD}.Debug|x86.ActiveCfg = Debug|Win32
		{F0F383D1-2138-40CF-B8D4-BB1FF7A633FD}.Debug|x86.Build.0 = Debug|Win32
		{F0F383D1-2138-40CF-B8D4-BB1FF7A633FD}.Release|Any CPU.ActiveCfg = Release|Win32
		{F0F383D1-2138-40CF-B8D4-BB1FF7A633FD}.Release|x64.ActiveCfg = Release|x64
		{F0F383D1-2138-40CF-B8D4-BB1FF7A633FD}.Release|x64.Build.0 = Release|x64
		{F0F383D1-2138-40CF-B8D4-BB1FF7A633FD}.Release|x86.ActiveCfg = Release|Win32
		{F0F383D1-2138-40CF-B8D4-BB1FF7A633FD}.Release|x86.Build.0 = Release|Win32
		{CE2C32AA-755A-4401-A6C4-ABB2EA7C88C3}.Debug|Any CPU.ActiveCfg = Debug|Win32
		{CE2C32AA-755A-4401-A6C4-ABB2EA7C88C3}.Debug|x64.ActiveCfg = Debug|x64
		{CE2C32AA-755A-4401-A6C4-ABB2EA7C88C3}.Debug|x64.Build.0 = Debug|x64
		{CE2C32AA-755A-4401-A6C4-ABB2EA7C88C3}.Debug|x86.ActiveCfg = Debug|Win32
		{CE2C32AA-755A-4401-A6C4-ABB2EA7C88C3}.Debug|x86.Build.0 = Debug|Win32
		{CE2C32AA-755A-4401-A6C4-ABB2EA7C88C3}.Release|Any CPU.ActiveCfg = Release|Win32
		{CE2C32AA-755A-4401-A6C4-ABB2EA7C88C3}.Release|x64.ActiveCfg = Release|x64
		{CE2C32AA-755A-4401-A6C4-ABB2EA7C88C3}.Release|x64.Build.0 = Release|x64
		{CE2C32AA-755A-4401-A6C4-ABB2EA7C88C3}.Release|x86.ActiveCfg = Release|Win32
		{CE2C32AA-755A-4401-A6C4-ABB2EA7C88C3}.Release|x86.Build.0 = Release|Win32
		{277EC46A-0D91-4346-AD47-DCA67E1BCC7C}.Debug|Any CPU.ActiveCfg = Debug|Win32
		{277EC46A-0D91-4346-AD47-DCA67E1BCC7C}.Debug|x64.ActiveCfg = Debug|x64
		{277EC46A-0D91-4346-AD47-DCA67E1BCC7C}.Debug|x64.Build.0 = Debug|x64
		{277EC46A-0D91-4346-AD47-DCA67E1BCC7C}.Debug|x86.ActiveCfg = Debug|Win32
		{277EC46A-0D91-4346-AD47-DCA67E1BCC7C}.Debug|x86.Build.0 = Debug|Win32
		{277EC46A-0D91-4346-AD47-DCA67E1BCC7C}.Release|Any CPU.ActiveCfg = Release|Win32
		{277EC46A-0D91-4346-AD47-DCA67E1BCC7C}.Release|x64.ActiveCfg = Release|x64
		{277EC46A-0D91-4346-AD47-DCA67E1BCC7C}.Release|x64.Build.0 = Release|x64
		{277EC46A-0D91-4346-AD47-DCA67E1BCC7C}.Release|x86.ActiveCfg = Release|Win32
		{277EC46A-0D91-4346-AD47-DCA67E1BCC7C}.Release|x86.Build.0 = Release|Win32
		{BCEF4F4D-DA73-4F6A-88C9-E365C252372B}.Debug|Any CPU.ActiveCfg = Debug|Win32
		{BCEF4F4D-DA73-4F6A-88C9-E365C252372B}.Debug|x64.ActiveCfg = Debug|x64
		{BCEF4F4D-DA73-4F6A-88C9-E365C252372B}.Debug|x64.Build.0 = Debug|x64
		{BCEF4F4D-DA73-4F6A-88C9-E365C252372B}.Debug|x86.ActiveCfg = Debug|Win32
		{BCEF4F4D-DA73-4F6A-88C9-E365C252372B}.Debug|x86.Build.0 = Debug|Win32
		{BCEF4F4D-DA73-4F6A-88C9-E365C252372B}.Release|Any CPU.ActiveCfg = Release|Win32
		{BCEF4F4D-DA73-4F6A-88C9-E365C252372B}.Release|x64.ActiveCfg = Release|x64
		{BCEF4F4D-DA73-4F6A-88C9-E365C252372B}.Release|x64.Build.0 = Release|x64
		{BCEF4F4D-DA73-4F6A-88C9-E365C252372B}.Release|x86.ActiveCfg = Release|Win32
		{BCEF4F4D-DA73-4F6A-88C9-E365C252372B}.Release|x86.Build.0 = Release|Win32
		{D9691D8F-A448-40DF-9D5A-2D7003AEA0DF}.Debug|Any CPU.ActiveCfg = Debug|Win32
		{D9691D8F-A448-40DF-9D5A-2D7003AEA0DF}.Debug|x64.ActiveCfg = Debug|x64
		{D9691D8F-A448-40DF-9D5A-2D7003AEA0DF}.Debug|x64.Build.0 = Debug|x64
		{D9691D8F-A448-40DF-9D5A-2D7003AEA0DF}.Debug|x86.ActiveCfg = Debug|Win32
		{D9691D8F-A448-40DF-9D5A-2D7003AEA0DF}.Debug|x86.Build.0 = Debug|Win32
		{D9691D8F-A448-40DF-9D5A-2D7003AEA0DF}.Release|Any CPU.ActiveCfg = Release|Win32
		{D9691D8F-A448-40DF-9D5A-2D7003AEA0DF}.Release|x64.ActiveCfg = Release|x64
		{D9691D8F-A448-40DF-9D5A-2D7003AEA0DF}.Release|x64.Build.0 = Release|x64
		{D9691D8F-A448-40DF-9D5A-2D7003AEA0DF}.Release|x86.ActiveCfg = Release|Win32
		{D9691D8F-A448-40DF-9D5A-2D7003AEA0DF}.Release|x86.Build.0 = Release|Win32
		{C468CB04-800B-421B-8AC0-590C1095DD68}.Debug|Any CPU.ActiveCfg = Debug|Win32
		{C468CB04-800B-421B-8AC0-590C1095DD68}.Debug|x64.ActiveCfg = Debug|x64
		{C468CB04-800B-421B-8AC0-590C1095DD68}.Debug|x64.Build.0 = Debug|x64
		{C468CB04-800B-421B-8AC0-590C1095DD68}.Debug|x86.ActiveCfg = Debug|Win32
		{C468CB04-800B-421B-8AC0-590C1095DD68}.Debug|x86.Build.0 = Debug|Win32
		{C468CB04-800B-421B-8AC0-590C1095DD68}.Release|Any CPU.ActiveCfg = Release|Win32
		{C468CB04-800B-421B-8AC0-590C1095DD68}.Release|x64.ActiveCfg = Release|x64
		{C468CB04-800B-421B-8AC0-590C1095DD68}.Release|x64.Build.0 = Release|x64
		{C468CB04-800B-421B-8AC0-590C1095DD68}.Release|x86.ActiveCfg = Release|Win32
		{C468CB04-800B-421B-8AC0-590C1095DD68}.Release|x86.Build.0 = Release|Win32
		{4A9CD6D6-DEDA-4230-9363-025DB25680A7}.Debug|Any CPU.ActiveCfg = Debug|Any CPU
		{4A9CD6D6-DEDA-4230-9363-025DB25680A7}.Debug|Any CPU.Build.0 = Debug|Any CPU
		{4A9CD6D6-DEDA-4230-9363-025DB25680A7}.Debug|x64.ActiveCfg = Debug|Any CPU
		{4A9CD6D6-DEDA-4230-9363-025DB25680A7}.Debug|x64.Build.0 = Debug|Any CPU
		{4A9CD6D6-DEDA-4230-9363-025DB25680A7}.Debug|x86.ActiveCfg = Debug|Any CPU
		{4A9CD6D6-DEDA-4230-9363-025DB25680A7}.Debug|x86.Build.0 = Debug|Any CPU
		{4A9CD6D6-DEDA-4230-9363-025DB25680A7}.Release|Any CPU.ActiveCfg = Release|Any CPU
		{4A9CD6D6-DEDA-4230-9363-025DB25680A7}.Release|Any CPU.Build.0 = Release|Any CPU
		{4A9CD6D6-DEDA-4230-9363-025DB25680A7}.Release|x64.ActiveCfg = Release|Any CPU
		{4A9CD6D6-DEDA-4230-9363-025DB25680A7}.Release|x64.Build.0 = Release|Any CPU
		{4A9CD6D6-DEDA-4230-9363-025DB25680A7}.Release|x86.ActiveCfg = Release|Any CPU
		{4A9CD6D6-DEDA-4230-9363-025DB25680A7}.Release|x86.Build.0 = Release|Any CPU
		{10B1D70B-AED5-4495-9BED-CBD4DE7EB134}.Debug|Any CPU.ActiveCfg = Debug|Win32
		{10B1D70B-AED5-4495-9BED-CBD4DE7EB134}.Debug|x64.ActiveCfg = Debug|x64
		{10B1D70B-AED5-4495-9BED-CBD4DE7EB134}.Debug|x64.Build.0 = Debug|x64
		{10B1D70B-AED5-4495-9BED-CBD4DE7EB134}.Debug|x86.ActiveCfg = Debug|Win32
		{10B1D70B-AED5-4495-9BED-CBD4DE7EB134}.Debug|x86.Build.0 = Debug|Win32
		{10B1D70B-AED5-4495-9BED-CBD4DE7EB134}.Release|Any CPU.ActiveCfg = Release|Win32
		{10B1D70B-AED5-4495-9BED-CBD4DE7EB134}.Release|x64.ActiveCfg = Release|x64
		{10B1D70B-AED5-4495-9BED-CBD4DE7EB134}.Release|x64.Build.0 = Release|x64
		{10B1D70B-AED5-4495-9BED-CBD4DE7EB134}.Release|x86.ActiveCfg = Release|Win32
		{10B1D70B-AED5-4495-9BED-CBD4DE7EB134}.Release|x86.Build.0 = Release|Win32
		{097F816C-DE7F-45E0-9680-CEB956A7C061}.Debug|Any CPU.ActiveCfg = Debug|Any CPU
		{097F816C-DE7F-45E0-9680-CEB956A7C061}.Debug|Any CPU.Build.0 = Debug|Any CPU
		{097F816C-DE7F-45E0-9680-CEB956A7C061}.Debug|x64.ActiveCfg = Debug|Any CPU
		{097F816C-DE7F-45E0-9680-CEB956A7C061}.Debug|x64.Build.0 = Debug|Any CPU
		{097F816C-DE7F-45E0-9680-CEB956A7C061}.Debug|x86.ActiveCfg = Debug|Any CPU
		{097F816C-DE7F-45E0-9680-CEB956A7C061}.Debug|x86.Build.0 = Debug|Any CPU
		{097F816C-DE7F-45E0-9680-CEB956A7C061}.Release|Any CPU.ActiveCfg = Release|Any CPU
		{097F816C-DE7F-45E0-9680-CEB956A7C061}.Release|Any CPU.Build.0 = Release|Any CPU
		{097F816C-DE7F-45E0-9680-CEB956A7C061}.Release|x64.ActiveCfg = Release|Any CPU
		{097F816C-DE7F-45E0-9680-CEB956A7C061}.Release|x64.Build.0 = Release|Any CPU
		{097F816C-DE7F-45E0-9680-CEB956A7C061}.Release|x86.ActiveCfg = Release|Any CPU
		{097F816C-DE7F-45E0-9680-CEB956A7C061}.Release|x86.Build.0 = Release|Any CPU
		{743429A1-86F2-4207-80EF-FC9A739DF617}.Debug|Any CPU.ActiveCfg = Debug|Win32
		{743429A1-86F2-4207-80EF-FC9A739DF617}.Debug|x64.ActiveCfg = Debug|x64
		{743429A1-86F2-4207-80EF-FC9A739DF617}.Debug|x64.Build.0 = Debug|x64
		{743429A1-86F2-4207-80EF-FC9A739DF617}.Debug|x86.ActiveCfg = Debug|Win32
		{743429A1-86F2-4207-80EF-FC9A739DF617}.Debug|x86.Build.0 = Debug|Win32
		{743429A1-86F2-4207-80EF-FC9A739DF617}.Release|Any CPU.ActiveCfg = Release|Win32
		{743429A1-86F2-4207-80EF-FC9A739DF617}.Release|x64.ActiveCfg = Release|x64
		{743429A1-86F2-4207-80EF-FC9A739DF617}.Release|x64.Build.0 = Release|x64
		{743429A1-86F2-4207-80EF-FC9A739DF617}.Release|x86.ActiveCfg = Release|Win32
		{743429A1-86F2-4207-80EF-FC9A739DF617}.Release|x86.Build.0 = Release|Win32
		{A70C90C0-CCB6-4A90-BDA9-1A563B6EEA7A}.Debug|Any CPU.ActiveCfg = Debug|Win32
		{A70C90C0-CCB6-4A90-BDA9-1A563B6EEA7A}.Debug|x64.ActiveCfg = Debug|x64
		{A70C90C0-CCB6-4A90-BDA9-1A563B6EEA7A}.Debug|x64.Build.0 = Debug|x64
		{A70C90C0-CCB6-4A90-BDA9-1A563B6EEA7A}.Debug|x86.ActiveCfg = Debug|Win32
		{A70C90C0-CCB6-4A90-BDA9-1A563B6EEA7A}.Debug|x86.Build.0 = Debug|Win32
		{A70C90C0-CCB6-4A90-BDA9-1A563B6EEA7A}.Release|Any CPU.ActiveCfg = Release|Win32
		{A70C90C0-CCB6-4A90-BDA9-1A563B6EEA7A}.Release|x64.ActiveCfg = Release|x64
		{A70C90C0-CCB6-4A90-BDA9-1A563B6EEA7A}.Release|x64.Build.0 = Release|x64
		{A70C90C0-CCB6-4A90-BDA9-1A563B6EEA7A}.Release|x86.ActiveCfg = Release|Win32
		{A70C90C0-CCB6-4A90-BDA9-1A563B6EEA7A}.Release|x86.Build.0 = Release|Win32
		{53C65560-EC5C-4CA8-8F70-CBC9B7B6CC60}.Debug|Any CPU.ActiveCfg = Debug|Win32
		{53C65560-EC5C-4CA8-8F70-CBC9B7B6CC60}.Debug|x64.ActiveCfg = Debug|x64
		{53C65560-EC5C-4CA8-8F70-CBC9B7B6CC60}.Debug|x64.Build.0 = Debug|x64
		{53C65560-EC5C-4CA8-8F70-CBC9B7B6CC60}.Debug|x86.ActiveCfg = Debug|Win32
		{53C65560-EC5C-4CA8-8F70-CBC9B7B6CC60}.Debug|x86.Build.0 = Debug|Win32
		{53C65560-EC5C-4CA8-8F70-CBC9B7B6CC60}.Release|Any CPU.ActiveCfg = Release|Win32
		{53C65560-EC5C-4CA8-8F70-CBC9B7B6CC60}.Release|x64.ActiveCfg = Release|x64
		{53C65560-EC5C-4CA8-8F70-CBC9B7B6CC60}.Release|x64.Build.0 = Release|x64
		{53C65560-EC5C-4CA8-8F70-CBC9B7B6CC60}.Release|x86.ActiveCfg = Release|Win32
		{53C65560-EC5C-4CA8-8F70-CBC9B7B6CC60}.Release|x86.Build.0 = Release|Win32
		{0060B536-BCAA-434F-A92B-0A886EA83D02}.Debug|Any CPU.ActiveCfg = Debug|Win32
		{0060B536-BCAA-434F-A92B-0A886EA83D02}.Debug|x64.ActiveCfg = Debug|x64
		{0060B536-BCAA-434F-A92B-0A886EA83D02}.Debug|x64.Build.0 = Debug|x64
		{0060B536-BCAA-434F-A92B-0A886EA83D02}.Debug|x86.ActiveCfg = Debug|Win32
		{0060B536-BCAA-434F-A92B-0A886EA83D02}.Debug|x86.Build.0 = Debug|Win32
		{0060B536-BCAA-434F-A92B-0A886EA83D02}.Release|Any CPU.ActiveCfg = Release|Win32
		{0060B536-BCAA-434F-A92B-0A886EA83D02}.Release|x64.ActiveCfg = Release|x64
		{0060B536-BCAA-434F-A92B-0A886EA83D02}.Release|x64.Build.0 = Release|x64
		{0060B536-BCAA-434F-A92B-0A886EA83D02}.Release|x86.ActiveCfg = Release|Win32
		{0060B536-BCAA-434F-A92B-0A886EA83D02}.Release|x86.Build.0 = Release|Win32
		{C8DBAE57-1A64-4A73-ACD5-AFEC50501529}.Debug|Any CPU.ActiveCfg = Debug|Win32
		{C8DBAE57-1A64-4A73-ACD5-AFEC50501529}.Debug|x64.ActiveCfg = Debug|x64
		{C8DBAE57-1A64-4A73-ACD5-AFEC50501529}.Debug|x64.Build.0 = Debug|x64
		{C8DBAE57-1A64-4A73-ACD5-AFEC50501529}.Debug|x86.ActiveCfg = Debug|Win32
		{C8DBAE57-1A64-4A73-ACD5-AFEC50501529}.Debug|x86.Build.0 = Debug|Win32
		{C8DBAE57-1A64-4A73-ACD5-AFEC50501529}.Release|Any CPU.ActiveCfg = Release|Win32
		{C8DBAE57-1A64-4A73-ACD5-AFEC50501529}.Release|x64.ActiveCfg = Release|x64
		{C8DBAE57-1A64-4A73-ACD5-AFEC50501529}.Release|x64.Build.0 = Release|x64
		{C8DBAE57-1A64-4A73-ACD5-AFEC50501529}.Release|x86.ActiveCfg = Release|Win32
		{C8DBAE57-1A64-4A73-ACD5-AFEC50501529}.Release|x86.Build.0 = Release|Win32
		{3BF50AD9-6D07-452D-B6DA-D24F893A29E4}.Debug|Any CPU.ActiveCfg = Debug|Win32
		{3BF50AD9-6D07-452D-B6DA-D24F893A29E4}.Debug|x64.ActiveCfg = Debug|x64
		{3BF50AD9-6D07-452D-B6DA-D24F893A29E4}.Debug|x64.Build.0 = Debug|x64
		{3BF50AD9-6D07-452D-B6DA-D24F893A29E4}.Debug|x86.ActiveCfg = Debug|Win32
		{3BF50AD9-6D07-452D-B6DA-D24F893A29E4}.Debug|x86.Build.0 = Debug|Win32
		{3BF50AD9-6D07-452D-B6DA-D24F893A29E4}.Release|Any CPU.ActiveCfg = Release|Win32
		{3BF50AD9-6D07-452D-B6DA-D24F893A29E4}.Release|x64.ActiveCfg = Release|x64
		{3BF50AD9-6D07-452D-B6DA-D24F893A29E4}.Release|x64.Build.0 = Release|x64
		{3BF50AD9-6D07-452D-B6DA-D24F893A29E4}.Release|x86.ActiveCfg = Release|Win32
		{3BF50AD9-6D07-452D-B6DA-D24F893A29E4}.Release|x86.Build.0 = Release|Win32
		{6A9D024B-C5E2-4718-A3F7-40F028EA47EF}.Debug|Any CPU.ActiveCfg = Debug|Win32
		{6A9D024B-C5E2-4718-A3F7-40F028EA47EF}.Debug|x64.ActiveCfg = Debug|x64
		{6A9D024B-C5E2-4718-A3F7-40F028EA47EF}.Debug|x64.Build.0 = Debug|x64
		{6A9D024B-C5E2-4718-A3F7-40F028EA47EF}.Debug|x86.ActiveCfg = Debug|Win32
		{6A9D024B-C5E2-4718-A3F7-40F028EA47EF}.Debug|x86.Build.0 = Debug|Win32
		{6A9D024B-C5E2-4718-A3F7-40F028EA47EF}.Release|Any CPU.ActiveCfg = Release|Win32
		{6A9D024B-C5E2-4718-A3F7-40F028EA47EF}.Release|x64.ActiveCfg = Release|x64
		{6A9D024B-C5E2-4718-A3F7-40F028EA47EF}.Release|x64.Build.0 = Release|x64
		{6A9D024B-C5E2-4718-A3F7-40F028EA47EF}.Release|x86.ActiveCfg = Release|Win32
		{6A9D024B-C5E2-4718-A3F7-40F028EA47EF}.Release|x86.Build.0 = Release|Win32
		{2C7A6CA6-D19B-4670-8F4C-8093EBE12A70}.Debug|Any CPU.ActiveCfg = Debug|Win32
		{2C7A6CA6-D19B-4670-8F4C-8093EBE12A70}.Debug|x64.ActiveCfg = Debug|x64
		{2C7A6CA6-D19B-4670-8F4C-8093EBE12A70}.Debug|x64.Build.0 = Debug|x64
		{2C7A6CA6-D19B-4670-8F4C-8093EBE12A70}.Debug|x86.ActiveCfg = Debug|Win32
		{2C7A6CA6-D19B-4670-8F4C-8093EBE12A70}.Debug|x86.Build.0 = Debug|Win32
		{2C7A6CA6-D19B-4670-8F4C-8093EBE12A70}.Release|Any CPU.ActiveCfg = Release|Win32
		{2C7A6CA6-D19B-4670-8F4C-8093EBE12A70}.Release|x64.ActiveCfg = Release|x64
		{2C7A6CA6-D19B-4670-8F4C-8093EBE12A70}.Release|x64.Build.0 = Release|x64
		{2C7A6CA6-D19B-4670-8F4C-8093EBE12A70}.Release|x86.ActiveCfg = Release|Win32
		{2C7A6CA6-D19B-4670-8F4C-8093EBE12A70}.Release|x86.Build.0 = Release|Win32
		{8DE4E333-68CA-4BDE-8199-B03C95BCF7F2}.Debug|Any CPU.ActiveCfg = Debug|Win32
		{8DE4E333-68CA-4BDE-8199-B03C95BCF7F2}.Debug|x64.ActiveCfg = Debug|x64
		{8DE4E333-68CA-4BDE-8199-B03C95BCF7F2}.Debug|x64.Build.0 = Debug|x64
		{8DE4E333-68CA-4BDE-8199-B03C95BCF7F2}.Debug|x86.ActiveCfg = Debug|Win32
		{8DE4E333-68CA-4BDE-8199-B03C95BCF7F2}.Debug|x86.Build.0 = Debug|Win32
		{8DE4E333-68CA-4BDE-8199-B03C95BCF7F2}.Release|Any CPU.ActiveCfg = Release|Win32
		{8DE4E333-68CA-4BDE-8199-B03C95BCF7F2}.Release|x64.ActiveCfg = Release|x64
		{8DE4E333-68CA-4BDE-8199-B03C95BCF7F2}.Release|x64.Build.0 = Release|x64
		{8DE4E333-68CA-4BDE-8199-B03C95BCF7F2}.Release|x86.ActiveCfg = Release|Win32
		{8DE4E333-68CA-4BDE-8199-B03C95BCF7F2}.Release|x86.Build.0 = Release|Win32
		{B7971444-F913-4FFF-A6B0-9A1FC89AAC8D}.Debug|Any CPU.ActiveCfg = Debug|Win32
		{B7971444-F913-4FFF-A6B0-9A1FC89AAC8D}.Debug|x64.ActiveCfg = Debug|x64
		{B7971444-F913-4FFF-A6B0-9A1FC89AAC8D}.Debug|x64.Build.0 = Debug|x64
		{B7971444-F913-4FFF-A6B0-9A1FC89AAC8D}.Debug|x86.ActiveCfg = Debug|Win32
		{B7971444-F913-4FFF-A6B0-9A1FC89AAC8D}.Debug|x86.Build.0 = Debug|Win32
		{B7971444-F913-4FFF-A6B0-9A1FC89AAC8D}.Release|Any CPU.ActiveCfg = Release|Win32
		{B7971444-F913-4FFF-A6B0-9A1FC89AAC8D}.Release|x64.ActiveCfg = Release|x64
		{B7971444-F913-4FFF-A6B0-9A1FC89AAC8D}.Release|x64.Build.0 = Release|x64
		{B7971444-F913-4FFF-A6B0-9A1FC89AAC8D}.Release|x86.ActiveCfg = Release|Win32
		{B7971444-F913-4FFF-A6B0-9A1FC89AAC8D}.Release|x86.Build.0 = Release|Win32
	EndGlobalSection
	GlobalSection(SolutionProperties) = preSolution
		HideSolutionNode = FALSE
	EndGlobalSection
	GlobalSection(NestedProjects) = preSolution
		{2452E1FA-BBC7-49AD-B80F-AA1BBCB88F96} = {F73070E2-F10E-4179-829B-C9D6EE0AC19E}
		{FCE0B7E5-84D5-4EFE-88FC-8BBD86EF56A3} = {F73070E2-F10E-4179-829B-C9D6EE0AC19E}
		{BC3771E8-B5EB-4112-B628-29E7CDA37824} = {F73070E2-F10E-4179-829B-C9D6EE0AC19E}
		{F0F383D1-2138-40CF-B8D4-BB1FF7A633FD} = {F73070E2-F10E-4179-829B-C9D6EE0AC19E}
		{CE2C32AA-755A-4401-A6C4-ABB2EA7C88C3} = {413456B1-0984-480D-BAB3-2F8F933CC260}
		{277EC46A-0D91-4346-AD47-DCA67E1BCC7C} = {413456B1-0984-480D-BAB3-2F8F933CC260}
		{BCEF4F4D-DA73-4F6A-88C9-E365C252372B} = {413456B1-0984-480D-BAB3-2F8F933CC260}
		{D9691D8F-A448-40DF-9D5A-2D7003AEA0DF} = {413456B1-0984-480D-BAB3-2F8F933CC260}
		{C468CB04-800B-421B-8AC0-590C1095DD68} = {413456B1-0984-480D-BAB3-2F8F933CC260}
		{4A9CD6D6-DEDA-4230-9363-025DB25680A7} = {ADCFB15B-8CB1-4207-A010-CC1FFFA9855C}
		{10B1D70B-AED5-4495-9BED-CBD4DE7EB134} = {ADCFB15B-8CB1-4207-A010-CC1FFFA9855C}
		{097F816C-DE7F-45E0-9680-CEB956A7C061} = {ADCFB15B-8CB1-4207-A010-CC1FFFA9855C}
		{743429A1-86F2-4207-80EF-FC9A739DF617} = {87325EBA-F4AC-4AA3-8915-D199598CDD1E}
		{A70C90C0-CCB6-4A90-BDA9-1A563B6EEA7A} = {87325EBA-F4AC-4AA3-8915-D199598CDD1E}
		{53C65560-EC5C-4CA8-8F70-CBC9B7B6CC60} = {87325EBA-F4AC-4AA3-8915-D199598CDD1E}
		{0060B536-BCAA-434F-A92B-0A886EA83D02} = {87325EBA-F4AC-4AA3-8915-D199598CDD1E}
		{C8DBAE57-1A64-4A73-ACD5-AFEC50501529} = {87325EBA-F4AC-4AA3-8915-D199598CDD1E}
		{3BF50AD9-6D07-452D-B6DA-D24F893A29E4} = {87325EBA-F4AC-4AA3-8915-D199598CDD1E}
		{6A9D024B-C5E2-4718-A3F7-40F028EA47EF} = {87325EBA-F4AC-4AA3-8915-D199598CDD1E}
		{2C7A6CA6-D19B-4670-8F4C-8093EBE12A70} = {87325EBA-F4AC-4AA3-8915-D199598CDD1E}
		{8DE4E333-68CA-4BDE-8199-B03C95BCF7F2} = {87325EBA-F4AC-4AA3-8915-D199598CDD1E}
		{B7971444-F913-4FFF-A6B0-9A1FC89AAC8D} = {87325EBA-F4AC-4AA3-8915-D199598CDD1E}
	EndGlobalSection
	GlobalSection(ExtensibilityGlobals) = postSolution
		SolutionGuid = {84D3D27D-0ED7-4C17-AC67-C92840AFB268}
	EndGlobalSection
EndGlobal
