
Microsoft Visual Studio Solution File, Format Version 12.00
# Visual Studio 15
VisualStudioVersion = 15.0.27703.2042
MinimumVisualStudioVersion = 10.0.40219.1
Project("{8BC9CEB8-8B4A-11D0-8D11-00A0C91BC942}") = "5_Working_with_Images(Bitmap)", "5_Working_with_Images(Bitmap)\5_Working_with_Images(Bitmap).vcxproj", "{C8DBAE57-1A64-4A73-ACD5-AFEC50501529}"
EndProject
Global
	GlobalSection(SolutionConfigurationPlatforms) = preSolution
		Debug|x64 = Debug|x64
		Debug|x86 = Debug|x86
		Release|x64 = Release|x64
		Release|x86 = Release|x86
	EndGlobalSection
	GlobalSection(ProjectConfigurationPlatforms) = postSolution
		{C8DBAE57-1A64-4A73-ACD5-AFEC50501529}.Debug|x64.ActiveCfg = Debug|x64
		{C8DBAE57-1A64-4A73-ACD5-AFEC50501529}.Debug|x64.Build.0 = Debug|x64
		{C8DBAE57-1A64-4A73-ACD5-AFEC50501529}.Debug|x86.ActiveCfg = Debug|Win32
		{C8DBAE57-1A64-4A73-ACD5-AFEC50501529}.Debug|x86.Build.0 = Debug|Win32
		{C8DBAE57-1A64-4A73-ACD5-AFEC50501529}.Release|x64.ActiveCfg = Release|x64
		{C8DBAE57-1A64-4A73-ACD5-AFEC50501529}.Release|x64.Build.0 = Release|x64
		{C8DBAE57-1A64-4A73-ACD5-AFEC50501529}.Release|x86.ActiveCfg = Release|Win32
		{C8DBAE57-1A64-4A73-ACD5-AFEC50501529}.Release|x86.Build.0 = Release|Win32
	EndGlobalSection
	GlobalSection(SolutionProperties) = preSolution
		HideSolutionNode = FALSE
	EndGlobalSection
	GlobalSection(ExtensibilityGlobals) = postSolution
		SolutionGuid = {1E726C4A-063A-49CD-BDD1-1C9B4F2FEC8F}
	EndGlobalSection
EndGlobal
